
Microsoft Visual Studio Solution File, Format Version 12.00
# Visual Studio 2013
VisualStudioVersion = 12.0.21005.1
MinimumVisualStudioVersion = 10.0.40219.1
Project("{FAE04EC0-301F-11D3-BF4B-00C04F79EFBC}") = "JG.DuplicateFiles.Service", "JG.DuplicateFiles.Service\JG.DuplicateFiles.Service.csproj", "{A629C91A-D8CB-4CBA-9FFF-4A53484B9BC8}"
EndProject
Project("{FAE04EC0-301F-11D3-BF4B-00C04F79EFBC}") = "JG.Duplicates.Client", "JG.Duplicates.Client\JG.Duplicates.Client.csproj", "{AE2901EB-A151-46B9-8CF7-AF195D23DED2}"
EndProject
Project("{FAE04EC0-301F-11D3-BF4B-00C04F79EFBC}") = "JG.DuplicateFiles.Domain", "JG.DuplicateFiles.Domain\JG.DuplicateFiles.Domain.csproj", "{00B41388-B5C8-4F40-BFB6-DF1A94118F66}"
EndProject
Project("{FAE04EC0-301F-11D3-BF4B-00C04F79EFBC}") = "JG.DuplicateFileManager.Tests", "JG.DuplicateFileManager.Tests\JG.DuplicateFileManager.Tests.csproj", "{098F5997-D09F-404A-A5C5-E5FB97A9FE30}"
EndProject
Global
	GlobalSection(SolutionConfigurationPlatforms) = preSolution
		Debug|Any CPU = Debug|Any CPU
		Release|Any CPU = Release|Any CPU
	EndGlobalSection
	GlobalSection(ProjectConfigurationPlatforms) = postSolution
		{A629C91A-D8CB-4CBA-9FFF-4A53484B9BC8}.Debug|Any CPU.ActiveCfg = Debug|Any CPU
		{A629C91A-D8CB-4CBA-9FFF-4A53484B9BC8}.Debug|Any CPU.Build.0 = Debug|Any CPU
		{A629C91A-D8CB-4CBA-9FFF-4A53484B9BC8}.Release|Any CPU.ActiveCfg = Release|Any CPU
		{A629C91A-D8CB-4CBA-9FFF-4A53484B9BC8}.Release|Any CPU.Build.0 = Release|Any CPU
		{AE2901EB-A151-46B9-8CF7-AF195D23DED2}.Debug|Any CPU.ActiveCfg = Debug|Any CPU
		{AE2901EB-A151-46B9-8CF7-AF195D23DED2}.Debug|Any CPU.Build.0 = Debug|Any CPU
		{AE2901EB-A151-46B9-8CF7-AF195D23DED2}.Release|Any CPU.ActiveCfg = Release|Any CPU
		{AE2901EB-A151-46B9-8CF7-AF195D23DED2}.Release|Any CPU.Build.0 = Release|Any CPU
		{00B41388-B5C8-4F40-BFB6-DF1A94118F66}.Debug|Any CPU.ActiveCfg = Debug|Any CPU
		{00B41388-B5C8-4F40-BFB6-DF1A94118F66}.Debug|Any CPU.Build.0 = Debug|Any CPU
		{00B41388-B5C8-4F40-BFB6-DF1A94118F66}.Release|Any CPU.ActiveCfg = Release|Any CPU
		{00B41388-B5C8-4F40-BFB6-DF1A94118F66}.Release|Any CPU.Build.0 = Release|Any CPU
		{098F5997-D09F-404A-A5C5-E5FB97A9FE30}.Debug|Any CPU.ActiveCfg = Debug|Any CPU
		{098F5997-D09F-404A-A5C5-E5FB97A9FE30}.Debug|Any CPU.Build.0 = Debug|Any CPU
		{098F5997-D09F-404A-A5C5-E5FB97A9FE30}.Release|Any CPU.ActiveCfg = Release|Any CPU
		{098F5997-D09F-404A-A5C5-E5FB97A9FE30}.Release|Any CPU.Build.0 = Release|Any CPU
	EndGlobalSection
	GlobalSection(SolutionProperties) = preSolution
		HideSolutionNode = FALSE
	EndGlobalSection
EndGlobal
